{
  "originHash" : "e8144432ff308938da64dea08c1bcf04c3d497c5b70f2875201193993d5b6bfd",
  "pins" : [
    {
      "identity" : "linphone-sdk-swift-ios",
      "kind" : "remoteSourceControl",
      "location" : "https://github.com/BelledonneCommunications/linphone-sdk-swift-ios.git",
      "state" : {
        "branch" : "stable",
        "revision" : "eba27abf6198580467467de44054923149c8eeb5"
      }
    }
  ],
  "version" : 3
}
