// !$*UTF8*$!
{
	archiveVersion = 1;
	classes = {
	};
	objectVersion = 77;
	objects = {

/* Begin PBXBuildFile section */
		10D26BBD3ED3B398BB706F60 /* ServerReachabilityProbe.swift in Sources */ = {isa = PBXBuildFile; fileRef = B6E56B2D3FCCF724F2BD030F /* ServerReachabilityProbe.swift */; };
		15E803B19FEBCBCCE5999DFE /* IntentHandler.swift in Sources */ = {isa = PBXBuildFile; fileRef = C9F62C21A39249FAF7F78B46 /* IntentHandler.swift */; };
		1ADDD24E0D5F5B2F7A854D7C /* CallDonationManager.swift in Sources */ = {isa = PBXBuildFile; fileRef = 12EC746D339E3535E929C8EE /* CallDonationManager.swift */; };
		1D6FFDCAF6D730A7492561BC /* dtmf_3.wav in Resources */ = {isa = PBXBuildFile; fileRef = 7E29CCFE634527EA9C30CA28 /* dtmf_3.wav */; };
		2C6B47B4D7BDD07432472A3C /* dtmf_1.wav in Resources */ = {isa = PBXBuildFile; fileRef = 86B229F43EABB27F3BC924EC /* dtmf_1.wav */; };
		2F9B44D8C1502A43A14A5467 /* CallManager.swift in Sources */ = {isa = PBXBuildFile; fileRef = C084B057C1A1F9FF5B7F4FBB /* CallManager.swift */; };
		30B084DE6C9EB8E1422594E4 /* dtmf_7.wav in Resources */ = {isa = PBXBuildFile; fileRef = 97C05195EC7B1DE0CB39AD74 /* dtmf_7.wav */; };
		317034720EBF502082D5E54A /* NotificationManager.swift in Sources */ = {isa = PBXBuildFile; fileRef = 3ACCD79BBE9235B8E3D2A97B /* NotificationManager.swift */; };
		37082501BFA15F656F5F81F8 /* SIPSettings.swift in Sources */ = {isa = PBXBuildFile; fileRef = 727F37305A352CA618C15083 /* SIPSettings.swift */; };
		3E13E3B5083AFFB6C939A712 /* HomeSIPIntents.appex in Embed Foundation Extensions */ = {isa = PBXBuildFile; fileRef = BEA957FC675BD17A6BA99AB8 /* HomeSIPIntents.appex */; settings = {ATTRIBUTES = (RemoveHeadersOnCopy, ); }; };
		401CF9E3C83EF7DEA36F16C4 /* dtmf_8.wav in Resources */ = {isa = PBXBuildFile; fileRef = ED3F1D540435C60F8C60A202 /* dtmf_8.wav */; };
		443C175A9E15BD87E352F8CB /* linphonesw in Frameworks */ = {isa = PBXBuildFile; productRef = 5C03D9577D4BAB2D9E279B37 /* linphonesw */; };
		4D72FC5826581AC2E4ECBCA0 /* PushRelayConfig.swift.example in Resources */ = {isa = PBXBuildFile; fileRef = 761BC420FAB89239634DCF7F /* PushRelayConfig.swift.example */; };
		59C6FFF9AA6B4273120B24B4 /* dtmf_0.wav in Resources */ = {isa = PBXBuildFile; fileRef = 2F3E5DCCD1AE4B361043EC00 /* dtmf_0.wav */; };
		5EB220BCC388C29C653E1540 /* dtmf_4.wav in Resources */ = {isa = PBXBuildFile; fileRef = 84586019ACE9D429DDA75349 /* dtmf_4.wav */; };
		5EF161B638E1569B51EBE602 /* CallHistoryStore.swift in Sources */ = {isa = PBXBuildFile; fileRef = D564F26C30DE769576BC8FB4 /* CallHistoryStore.swift */; };
		6631AA634C9B8A177AEF603B /* dtmf_star.wav in Resources */ = {isa = PBXBuildFile; fileRef = 692AB39C949F3B952F12950F /* dtmf_star.wav */; };
		67C70E93AEC6272DBFBCE48A /* dtmf_9.wav in Resources */ = {isa = PBXBuildFile; fileRef = 77565B1E678B380BFBE4E513 /* dtmf_9.wav */; };
		6814F426E5960ECD60BF06FF /* dtmf_5.wav in Resources */ = {isa = PBXBuildFile; fileRef = 8BE63F22AF2FCA5430DEEF81 /* dtmf_5.wav */; };
		76441B99021660E966094FE8 /* AppDelegate.swift in Sources */ = {isa = PBXBuildFile; fileRef = F21A6D477961E08300B6874C /* AppDelegate.swift */; };
		795DFDF481A1299B4A996612 /* DTMFTonePlayer.swift in Sources */ = {isa = PBXBuildFile; fileRef = 384AC6ED248DCBC54E753C72 /* DTMFTonePlayer.swift */; };
		8333E79C62FACC1B4B4C829C /* SIPManager.swift in Sources */ = {isa = PBXBuildFile; fileRef = 0E071771C4F3447EECB7FD78 /* SIPManager.swift */; };
		895B2965EBA5E1AC2A3FE009 /* PushRelayConfig.swift in Sources */ = {isa = PBXBuildFile; fileRef = D8FD10776FF96A8E3D0095FA /* PushRelayConfig.swift */; };
		9061E082FEFFDB54B3E84CAE /* Settings.bundle in Resources */ = {isa = PBXBuildFile; fileRef = 4890E33FF0C3AAC6227EB326 /* Settings.bundle */; };
		94797C4CADABBA091A393A90 /* PhoneKeypadLayout.swift in Sources */ = {isa = PBXBuildFile; fileRef = 8DAEA03F07392C809CCEF8CA /* PhoneKeypadLayout.swift */; };
		9CE02872A164F28F543865F3 /* HomeSIPApp.swift in Sources */ = {isa = PBXBuildFile; fileRef = D7E6573BD5FA8B066B0DA40A /* HomeSIPApp.swift */; };
		AC6B2FA4C5966B7BE6A40ACD /* DialerView.swift in Sources */ = {isa = PBXBuildFile; fileRef = 6F3A0C4CFFA5968B4E1A4968 /* DialerView.swift */; };
		B15A4F9D2A622758CD6A083D /* CallView.swift in Sources */ = {isa = PBXBuildFile; fileRef = 4B35FF8BFA45E872DA391ADD /* CallView.swift */; };
		B2861CFA009BF9F0B6AC0BBC /* CallHistoryView.swift in Sources */ = {isa = PBXBuildFile; fileRef = DAE8976938C2D9E7BB485E1D /* CallHistoryView.swift */; };
		C05F3215BCA57CD88AB013C3 /* Assets.xcassets in Resources */ = {isa = PBXBuildFile; fileRef = 4494D7B24F0EEDF3FD6BFD17 /* Assets.xcassets */; };
		C1C95F81B1C3B767F7E4B539 /* dtmf_2.wav in Resources */ = {isa = PBXBuildFile; fileRef = DC0BC144B62BFAB8C6795950 /* dtmf_2.wav */; };
		D4C7B4D59BA0A0B0DF5E97A3 /* dtmf_pound.wav in Resources */ = {isa = PBXBuildFile; fileRef = C418066878577AEC41FAD42C /* dtmf_pound.wav */; };
		D8C2D7EDA9561E95C7ADB52A /* PushRelayClient.swift in Sources */ = {isa = PBXBuildFile; fileRef = 28D3AD3FB7B28AE112D604FD /* PushRelayClient.swift */; };
		E17568811B45811C48361958 /* dtmf_6.wav in Resources */ = {isa = PBXBuildFile; fileRef = 3326444B2920FE11AB08A2C7 /* dtmf_6.wav */; };
		E8ADA58E667909E7E506065B /* DebugFileLogger.swift in Sources */ = {isa = PBXBuildFile; fileRef = 68AA58347C70B61BAB83C70D /* DebugFileLogger.swift */; };
		F3603A2E53B7D965F54EEDA8 /* ContentView.swift in Sources */ = {isa = PBXBuildFile; fileRef = 466B73744E5CA8F98D89456F /* ContentView.swift */; };
/* End PBXBuildFile section */

/* Begin PBXContainerItemProxy section */
		B94E40DE9E67E69F6FCB6D1F /* PBXContainerItemProxy */ = {
			isa = PBXContainerItemProxy;
			containerPortal = 6E90F7E5F19DD776F4BA1B36 /* Project object */;
			proxyType = 1;
			remoteGlobalIDString = A6D79E03E3D311C0FA47C1A8;
			remoteInfo = HomeSIPIntents;
		};
/* End PBXContainerItemProxy section */

/* Begin PBXCopyFilesBuildPhase section */
		F936242A756C9A86CE5BFD98 /* Embed Foundation Extensions */ = {
			isa = PBXCopyFilesBuildPhase;
			buildActionMask = 2147483647;
			dstPath = "";
			dstSubfolderSpec = 13;
			files = (
				3E13E3B5083AFFB6C939A712 /* HomeSIPIntents.appex in Embed Foundation Extensions */,
			);
			name = "Embed Foundation Extensions";
			runOnlyForDeploymentPostprocessing = 0;
		};
/* End PBXCopyFilesBuildPhase section */

/* Begin PBXFileReference section */
		0E071771C4F3447EECB7FD78 /* SIPManager.swift */ = {isa = PBXFileReference; lastKnownFileType = sourcecode.swift; path = SIPManager.swift; sourceTree = "<group>"; };
		12EC746D339E3535E929C8EE /* CallDonationManager.swift */ = {isa = PBXFileReference; lastKnownFileType = sourcecode.swift; path = CallDonationManager.swift; sourceTree = "<group>"; };
		25E92E0D0D18501A81598FEB /* Info.plist */ = {isa = PBXFileReference; lastKnownFileType = text.plist; path = Info.plist; sourceTree = "<group>"; };
		28D3AD3FB7B28AE112D604FD /* PushRelayClient.swift */ = {isa = PBXFileReference; lastKnownFileType = sourcecode.swift; path = PushRelayClient.swift; sourceTree = "<group>"; };
		2F3E5DCCD1AE4B361043EC00 /* dtmf_0.wav */ = {isa = PBXFileReference; lastKnownFileType = audio.wav; path = dtmf_0.wav; sourceTree = "<group>"; };
		3326444B2920FE11AB08A2C7 /* dtmf_6.wav */ = {isa = PBXFileReference; lastKnownFileType = audio.wav; path = dtmf_6.wav; sourceTree = "<group>"; };
		384AC6ED248DCBC54E753C72 /* DTMFTonePlayer.swift */ = {isa = PBXFileReference; lastKnownFileType = sourcecode.swift; path = DTMFTonePlayer.swift; sourceTree = "<group>"; };
		3ACCD79BBE9235B8E3D2A97B /* NotificationManager.swift */ = {isa = PBXFileReference; lastKnownFileType = sourcecode.swift; path = NotificationManager.swift; sourceTree = "<group>"; };
		4494D7B24F0EEDF3FD6BFD17 /* Assets.xcassets */ = {isa = PBXFileReference; lastKnownFileType = folder.assetcatalog; path = Assets.xcassets; sourceTree = "<group>"; };
		466B73744E5CA8F98D89456F /* ContentView.swift */ = {isa = PBXFileReference; lastKnownFileType = sourcecode.swift; path = ContentView.swift; sourceTree = "<group>"; };
		4890E33FF0C3AAC6227EB326 /* Settings.bundle */ = {isa = PBXFileReference; lastKnownFileType = wrapper.cfbundle; path = Settings.bundle; sourceTree = "<group>"; };
		4B35FF8BFA45E872DA391ADD /* CallView.swift */ = {isa = PBXFileReference; lastKnownFileType = sourcecode.swift; path = CallView.swift; sourceTree = "<group>"; };
		68AA58347C70B61BAB83C70D /* DebugFileLogger.swift */ = {isa = PBXFileReference; lastKnownFileType = sourcecode.swift; path = DebugFileLogger.swift; sourceTree = "<group>"; };
		692AB39C949F3B952F12950F /* dtmf_star.wav */ = {isa = PBXFileReference; lastKnownFileType = audio.wav; path = dtmf_star.wav; sourceTree = "<group>"; };
		6F3A0C4CFFA5968B4E1A4968 /* DialerView.swift */ = {isa = PBXFileReference; lastKnownFileType = sourcecode.swift; path = DialerView.swift; sourceTree = "<group>"; };
		727F37305A352CA618C15083 /* SIPSettings.swift */ = {isa = PBXFileReference; lastKnownFileType = sourcecode.swift; path = SIPSettings.swift; sourceTree = "<group>"; };
		7592E17B17E9B93B168AA6E0 /* HomeSIP.app */ = {isa = PBXFileReference; includeInIndex = 0; lastKnownFileType = wrapper.application; path = HomeSIP.app; sourceTree = BUILT_PRODUCTS_DIR; };
		761BC420FAB89239634DCF7F /* PushRelayConfig.swift.example */ = {isa = PBXFileReference; path = PushRelayConfig.swift.example; sourceTree = "<group>"; };
		77565B1E678B380BFBE4E513 /* dtmf_9.wav */ = {isa = PBXFileReference; lastKnownFileType = audio.wav; path = dtmf_9.wav; sourceTree = "<group>"; };
		7E29CCFE634527EA9C30CA28 /* dtmf_3.wav */ = {isa = PBXFileReference; lastKnownFileType = audio.wav; path = dtmf_3.wav; sourceTree = "<group>"; };
		84586019ACE9D429DDA75349 /* dtmf_4.wav */ = {isa = PBXFileReference; lastKnownFileType = audio.wav; path = dtmf_4.wav; sourceTree = "<group>"; };
		85D16B29E71AE9912E1BD2C1 /* Info.plist */ = {isa = PBXFileReference; lastKnownFileType = text.plist; path = Info.plist; sourceTree = "<group>"; };
		86B229F43EABB27F3BC924EC /* dtmf_1.wav */ = {isa = PBXFileReference; lastKnownFileType = audio.wav; path = dtmf_1.wav; sourceTree = "<group>"; };
		8735E8F13385FAE9C9FF0F72 /* HomeSIP.entitlements */ = {isa = PBXFileReference; lastKnownFileType = text.plist.entitlements; path = HomeSIP.entitlements; sourceTree = "<group>"; };
		8BE63F22AF2FCA5430DEEF81 /* dtmf_5.wav */ = {isa = PBXFileReference; lastKnownFileType = audio.wav; path = dtmf_5.wav; sourceTree = "<group>"; };
		8DAEA03F07392C809CCEF8CA /* PhoneKeypadLayout.swift */ = {isa = PBXFileReference; lastKnownFileType = sourcecode.swift; path = PhoneKeypadLayout.swift; sourceTree = "<group>"; };
		92B22CEAD24D0FCD31F3A5B0 /* HomeSIPIntents.entitlements */ = {isa = PBXFileReference; lastKnownFileType = text.plist.entitlements; path = HomeSIPIntents.entitlements; sourceTree = "<group>"; };
		97C05195EC7B1DE0CB39AD74 /* dtmf_7.wav */ = {isa = PBXFileReference; lastKnownFileType = audio.wav; path = dtmf_7.wav; sourceTree = "<group>"; };
		B6E56B2D3FCCF724F2BD030F /* ServerReachabilityProbe.swift */ = {isa = PBXFileReference; lastKnownFileType = sourcecode.swift; path = ServerReachabilityProbe.swift; sourceTree = "<group>"; };
		BEA957FC675BD17A6BA99AB8 /* HomeSIPIntents.appex */ = {isa = PBXFileReference; includeInIndex = 0; lastKnownFileType = "wrapper.app-extension"; path = HomeSIPIntents.appex; sourceTree = BUILT_PRODUCTS_DIR; };
		C084B057C1A1F9FF5B7F4FBB /* CallManager.swift */ = {isa = PBXFileReference; lastKnownFileType = sourcecode.swift; path = CallManager.swift; sourceTree = "<group>"; };
		C418066878577AEC41FAD42C /* dtmf_pound.wav */ = {isa = PBXFileReference; lastKnownFileType = audio.wav; path = dtmf_pound.wav; sourceTree = "<group>"; };
		C9F62C21A39249FAF7F78B46 /* IntentHandler.swift */ = {isa = PBXFileReference; lastKnownFileType = sourcecode.swift; path = IntentHandler.swift; sourceTree = "<group>"; };
		D564F26C30DE769576BC8FB4 /* CallHistoryStore.swift */ = {isa = PBXFileReference; lastKnownFileType = sourcecode.swift; path = CallHistoryStore.swift; sourceTree = "<group>"; };
		D7E6573BD5FA8B066B0DA40A /* HomeSIPApp.swift */ = {isa = PBXFileReference; lastKnownFileType = sourcecode.swift; path = HomeSIPApp.swift; sourceTree = "<group>"; };
		D8FD10776FF96A8E3D0095FA /* PushRelayConfig.swift */ = {isa = PBXFileReference; lastKnownFileType = sourcecode.swift; path = PushRelayConfig.swift; sourceTree = "<group>"; };
		DAE8976938C2D9E7BB485E1D /* CallHistoryView.swift */ = {isa = PBXFileReference; lastKnownFileType = sourcecode.swift; path = CallHistoryView.swift; sourceTree = "<group>"; };
		DC0BC144B62BFAB8C6795950 /* dtmf_2.wav */ = {isa = PBXFileReference; lastKnownFileType = audio.wav; path = dtmf_2.wav; sourceTree = "<group>"; };
		ED3F1D540435C60F8C60A202 /* dtmf_8.wav */ = {isa = PBXFileReference; lastKnownFileType = audio.wav; path = dtmf_8.wav; sourceTree = "<group>"; };
		F21A6D477961E08300B6874C /* AppDelegate.swift */ = {isa = PBXFileReference; lastKnownFileType = sourcecode.swift; path = AppDelegate.swift; sourceTree = "<group>"; };
/* End PBXFileReference section */

/* Begin PBXFrameworksBuildPhase section */
		ACF6FED68B6694947A26D837 /* Frameworks */ = {
			isa = PBXFrameworksBuildPhase;
			buildActionMask = 2147483647;
			files = (
				443C175A9E15BD87E352F8CB /* linphonesw in Frameworks */,
			);
			runOnlyForDeploymentPostprocessing = 0;
		};
/* End PBXFrameworksBuildPhase section */

/* Begin PBXGroup section */
		106511860F51A3AA681BDC8B /* HomeSIP */ = {
			isa = PBXGroup;
			children = (
				8735E8F13385FAE9C9FF0F72 /* HomeSIP.entitlements */,
				85D16B29E71AE9912E1BD2C1 /* Info.plist */,
				ECF787A617418E43CA98C072 /* App */,
				BEB3D89D5C0BB95E5B946E58 /* SIP */,
				2A500CA9B20B0792F2EDDF61 /* UI */,
			);
			path = HomeSIP;
			sourceTree = "<group>";
		};
		2A4356B708DB308799A36C04 /* Products */ = {
			isa = PBXGroup;
			children = (
				7592E17B17E9B93B168AA6E0 /* HomeSIP.app */,
				BEA957FC675BD17A6BA99AB8 /* HomeSIPIntents.appex */,
			);
			name = Products;
			sourceTree = "<group>";
		};
		2A500CA9B20B0792F2EDDF61 /* UI */ = {
			isa = PBXGroup;
			children = (
				DAE8976938C2D9E7BB485E1D /* CallHistoryView.swift */,
				4B35FF8BFA45E872DA391ADD /* CallView.swift */,
				466B73744E5CA8F98D89456F /* ContentView.swift */,
				6F3A0C4CFFA5968B4E1A4968 /* DialerView.swift */,
				384AC6ED248DCBC54E753C72 /* DTMFTonePlayer.swift */,
				8DAEA03F07392C809CCEF8CA /* PhoneKeypadLayout.swift */,
			);
			path = UI;
			sourceTree = "<group>";
		};
		BEB3D89D5C0BB95E5B946E58 /* SIP */ = {
			isa = PBXGroup;
			children = (
				12EC746D339E3535E929C8EE /* CallDonationManager.swift */,
				D564F26C30DE769576BC8FB4 /* CallHistoryStore.swift */,
				C084B057C1A1F9FF5B7F4FBB /* CallManager.swift */,
				68AA58347C70B61BAB83C70D /* DebugFileLogger.swift */,
				3ACCD79BBE9235B8E3D2A97B /* NotificationManager.swift */,
				28D3AD3FB7B28AE112D604FD /* PushRelayClient.swift */,
				D8FD10776FF96A8E3D0095FA /* PushRelayConfig.swift */,
				761BC420FAB89239634DCF7F /* PushRelayConfig.swift.example */,
				B6E56B2D3FCCF724F2BD030F /* ServerReachabilityProbe.swift */,
				0E071771C4F3447EECB7FD78 /* SIPManager.swift */,
				727F37305A352CA618C15083 /* SIPSettings.swift */,
			);
			path = SIP;
			sourceTree = "<group>";
		};
		C28E827C25130B746C010E67 /* HomeSIPIntents */ = {
			isa = PBXGroup;
			children = (
				92B22CEAD24D0FCD31F3A5B0 /* HomeSIPIntents.entitlements */,
				25E92E0D0D18501A81598FEB /* Info.plist */,
				C9F62C21A39249FAF7F78B46 /* IntentHandler.swift */,
			);
			path = HomeSIPIntents;
			sourceTree = "<group>";
		};
		E23A69AFEB6A95B9B53F05B0 = {
			isa = PBXGroup;
			children = (
				106511860F51A3AA681BDC8B /* HomeSIP */,
				C28E827C25130B746C010E67 /* HomeSIPIntents */,
				F9FD70F5079BB061E052A447 /* Resources */,
				2A4356B708DB308799A36C04 /* Products */,
			);
			sourceTree = "<group>";
		};
		EA81AE7764A933DF41741A20 /* DTMFTones */ = {
			isa = PBXGroup;
			children = (
				2F3E5DCCD1AE4B361043EC00 /* dtmf_0.wav */,
				86B229F43EABB27F3BC924EC /* dtmf_1.wav */,
				DC0BC144B62BFAB8C6795950 /* dtmf_2.wav */,
				7E29CCFE634527EA9C30CA28 /* dtmf_3.wav */,
				84586019ACE9D429DDA75349 /* dtmf_4.wav */,
				8BE63F22AF2FCA5430DEEF81 /* dtmf_5.wav */,
				3326444B2920FE11AB08A2C7 /* dtmf_6.wav */,
				97C05195EC7B1DE0CB39AD74 /* dtmf_7.wav */,
				ED3F1D540435C60F8C60A202 /* dtmf_8.wav */,
				77565B1E678B380BFBE4E513 /* dtmf_9.wav */,
				C418066878577AEC41FAD42C /* dtmf_pound.wav */,
				692AB39C949F3B952F12950F /* dtmf_star.wav */,
			);
			path = DTMFTones;
			sourceTree = "<group>";
		};
		ECF787A617418E43CA98C072 /* App */ = {
			isa = PBXGroup;
			children = (
				F21A6D477961E08300B6874C /* AppDelegate.swift */,
				D7E6573BD5FA8B066B0DA40A /* HomeSIPApp.swift */,
			);
			path = App;
			sourceTree = "<group>";
		};
		F9FD70F5079BB061E052A447 /* Resources */ = {
			isa = PBXGroup;
			children = (
				4494D7B24F0EEDF3FD6BFD17 /* Assets.xcassets */,
				4890E33FF0C3AAC6227EB326 /* Settings.bundle */,
				EA81AE7764A933DF41741A20 /* DTMFTones */,
			);
			name = Resources;
			path = HomeSIP/Resources;
			sourceTree = "<group>";
		};
/* End PBXGroup section */

/* Begin PBXNativeTarget section */
		5CF33AAF5B80155101B14940 /* HomeSIP */ = {
			isa = PBXNativeTarget;
			buildConfigurationList = 3DCF8936E1518B3BAC0AAECA /* Build configuration list for PBXNativeTarget "HomeSIP" */;
			buildPhases = (
				C638F73634D0DA7872E2E00A /* Sources */,
				2F88890F675CBAB67C238C58 /* Resources */,
				ACF6FED68B6694947A26D837 /* Frameworks */,
				F936242A756C9A86CE5BFD98 /* Embed Foundation Extensions */,
			);
			buildRules = (
			);
			dependencies = (
				570B669BD621A3C50C793584 /* PBXTargetDependency */,
			);
			name = HomeSIP;
			packageProductDependencies = (
				5C03D9577D4BAB2D9E279B37 /* linphonesw */,
			);
			productName = HomeSIP;
			productReference = 7592E17B17E9B93B168AA6E0 /* HomeSIP.app */;
			productType = "com.apple.product-type.application";
		};
		A6D79E03E3D311C0FA47C1A8 /* HomeSIPIntents */ = {
			isa = PBXNativeTarget;
			buildConfigurationList = 4D00FAB48A3FDD97E43E1E5F /* Build configuration list for PBXNativeTarget "HomeSIPIntents" */;
			buildPhases = (
				8DFC91144DBA26E463EE7D88 /* Sources */,
			);
			buildRules = (
			);
			dependencies = (
			);
			name = HomeSIPIntents;
			packageProductDependencies = (
			);
			productName = HomeSIPIntents;
			productReference = BEA957FC675BD17A6BA99AB8 /* HomeSIPIntents.appex */;
			productType = "com.apple.product-type.app-extension";
		};
/* End PBXNativeTarget section */

/* Begin PBXProject section */
		6E90F7E5F19DD776F4BA1B36 /* Project object */ = {
			isa = PBXProject;
			attributes = {
				BuildIndependentTargetsInParallel = YES;
				LastUpgradeCheck = 1430;
				TargetAttributes = {
					5CF33AAF5B80155101B14940 = {
						DevelopmentTeam = WQZGRLXS8K;
						ProvisioningStyle = Automatic;
					};
					A6D79E03E3D311C0FA47C1A8 = {
						DevelopmentTeam = WQZGRLXS8K;
						ProvisioningStyle = Automatic;
					};
				};
			};
			buildConfigurationList = E46F52C7904DA9C633B49C1C /* Build configuration list for PBXProject "HomeSIP" */;
			developmentRegion = en;
			hasScannedForEncodings = 0;
			knownRegions = (
				Base,
				en,
			);
			mainGroup = E23A69AFEB6A95B9B53F05B0;
			minimizedProjectReferenceProxies = 1;
			packageReferences = (
				3DA7C84737946EB2F4E1AB48 /* XCRemoteSwiftPackageReference "linphone-sdk-swift-ios" */,
			);
			preferredProjectObjectVersion = 77;
			productRefGroup = 2A4356B708DB308799A36C04 /* Products */;
			projectDirPath = "";
			projectRoot = "";
			targets = (
				5CF33AAF5B80155101B14940 /* HomeSIP */,
				A6D79E03E3D311C0FA47C1A8 /* HomeSIPIntents */,
			);
		};
/* End PBXProject section */

/* Begin PBXResourcesBuildPhase section */
		2F88890F675CBAB67C238C58 /* Resources */ = {
			isa = PBXResourcesBuildPhase;
			buildActionMask = 2147483647;
			files = (
				C05F3215BCA57CD88AB013C3 /* Assets.xcassets in Resources */,
				4D72FC5826581AC2E4ECBCA0 /* PushRelayConfig.swift.example in Resources */,
				9061E082FEFFDB54B3E84CAE /* Settings.bundle in Resources */,
				59C6FFF9AA6B4273120B24B4 /* dtmf_0.wav in Resources */,
				2C6B47B4D7BDD07432472A3C /* dtmf_1.wav in Resources */,
				C1C95F81B1C3B767F7E4B539 /* dtmf_2.wav in Resources */,
				1D6FFDCAF6D730A7492561BC /* dtmf_3.wav in Resources */,
				5EB220BCC388C29C653E1540 /* dtmf_4.wav in Resources */,
				6814F426E5960ECD60BF06FF /* dtmf_5.wav in Resources */,
				E17568811B45811C48361958 /* dtmf_6.wav in Resources */,
				30B084DE6C9EB8E1422594E4 /* dtmf_7.wav in Resources */,
				401CF9E3C83EF7DEA36F16C4 /* dtmf_8.wav in Resources */,
				67C70E93AEC6272DBFBCE48A /* dtmf_9.wav in Resources */,
				D4C7B4D59BA0A0B0DF5E97A3 /* dtmf_pound.wav in Resources */,
				6631AA634C9B8A177AEF603B /* dtmf_star.wav in Resources */,
			);
			runOnlyForDeploymentPostprocessing = 0;
		};
/* End PBXResourcesBuildPhase section */

/* Begin PBXSourcesBuildPhase section */
		8DFC91144DBA26E463EE7D88 /* Sources */ = {
			isa = PBXSourcesBuildPhase;
			buildActionMask = 2147483647;
			files = (
				15E803B19FEBCBCCE5999DFE /* IntentHandler.swift in Sources */,
			);
			runOnlyForDeploymentPostprocessing = 0;
		};
		C638F73634D0DA7872E2E00A /* Sources */ = {
			isa = PBXSourcesBuildPhase;
			buildActionMask = 2147483647;
			files = (
				76441B99021660E966094FE8 /* AppDelegate.swift in Sources */,
				1ADDD24E0D5F5B2F7A854D7C /* CallDonationManager.swift in Sources */,
				5EF161B638E1569B51EBE602 /* CallHistoryStore.swift in Sources */,
				B2861CFA009BF9F0B6AC0BBC /* CallHistoryView.swift in Sources */,
				2F9B44D8C1502A43A14A5467 /* CallManager.swift in Sources */,
				B15A4F9D2A622758CD6A083D /* CallView.swift in Sources */,
				F3603A2E53B7D965F54EEDA8 /* ContentView.swift in Sources */,
				795DFDF481A1299B4A996612 /* DTMFTonePlayer.swift in Sources */,
				E8ADA58E667909E7E506065B /* DebugFileLogger.swift in Sources */,
				AC6B2FA4C5966B7BE6A40ACD /* DialerView.swift in Sources */,
				9CE02872A164F28F543865F3 /* HomeSIPApp.swift in Sources */,
				317034720EBF502082D5E54A /* NotificationManager.swift in Sources */,
				94797C4CADABBA091A393A90 /* PhoneKeypadLayout.swift in Sources */,
				D8C2D7EDA9561E95C7ADB52A /* PushRelayClient.swift in Sources */,
				895B2965EBA5E1AC2A3FE009 /* PushRelayConfig.swift in Sources */,
				8333E79C62FACC1B4B4C829C /* SIPManager.swift in Sources */,
				37082501BFA15F656F5F81F8 /* SIPSettings.swift in Sources */,
				10D26BBD3ED3B398BB706F60 /* ServerReachabilityProbe.swift in Sources */,
			);
			runOnlyForDeploymentPostprocessing = 0;
		};
/* End PBXSourcesBuildPhase section */

/* Begin PBXTargetDependency section */
		570B669BD621A3C50C793584 /* PBXTargetDependency */ = {
			isa = PBXTargetDependency;
			target = A6D79E03E3D311C0FA47C1A8 /* HomeSIPIntents */;
			targetProxy = B94E40DE9E67E69F6FCB6D1F /* PBXContainerItemProxy */;
		};
/* End PBXTargetDependency section */

/* Begin XCBuildConfiguration section */
		2B828AFDA4CE07C234248F8A /* Release */ = {
			isa = XCBuildConfiguration;
			buildSettings = {
				CODE_SIGN_ENTITLEMENTS = HomeSIPIntents/HomeSIPIntents.entitlements;
				CODE_SIGN_STYLE = Automatic;
				DEVELOPMENT_TEAM = WQZGRLXS8K;
				INFOPLIST_FILE = HomeSIPIntents/Info.plist;
				IPHONEOS_DEPLOYMENT_TARGET = 15.0;
				LD_RUNPATH_SEARCH_PATHS = (
					"$(inherited)",
					"@executable_path/Frameworks",
					"@executable_path/../../Frameworks",
				);
				PRODUCT_BUNDLE_IDENTIFIER = work.manuzzi.homesip.intents;
				PRODUCT_NAME = HomeSIPIntents;
				SDKROOT = iphoneos;
				SKIP_INSTALL = YES;
				SWIFT_VERSION = 5.0;
				TARGETED_DEVICE_FAMILY = 1;
			};
			name = Release;
		};
		871A7EB5453BA0444FF3D192 /* Debug */ = {
			isa = XCBuildConfiguration;
			buildSettings = {
				CODE_SIGN_ENTITLEMENTS = HomeSIPIntents/HomeSIPIntents.entitlements;
				CODE_SIGN_STYLE = Automatic;
				DEVELOPMENT_TEAM = WQZGRLXS8K;
				INFOPLIST_FILE = HomeSIPIntents/Info.plist;
				IPHONEOS_DEPLOYMENT_TARGET = 15.0;
				LD_RUNPATH_SEARCH_PATHS = (
					"$(inherited)",
					"@executable_path/Frameworks",
					"@executable_path/../../Frameworks",
				);
				PRODUCT_BUNDLE_IDENTIFIER = work.manuzzi.homesip.intents;
				PRODUCT_NAME = HomeSIPIntents;
				SDKROOT = iphoneos;
				SKIP_INSTALL = YES;
				SWIFT_VERSION = 5.0;
				TARGETED_DEVICE_FAMILY = 1;
			};
			name = Debug;
		};
		9D7FAB8B76676B543A59753C /* Release */ = {
			isa = XCBuildConfiguration;
			buildSettings = {
				ALWAYS_SEARCH_USER_PATHS = NO;
				CLANG_ANALYZER_NONNULL = YES;
				CLANG_ANALYZER_NUMBER_OBJECT_CONVERSION = YES_AGGRESSIVE;
				CLANG_CXX_LANGUAGE_STANDARD = "gnu++14";
				CLANG_CXX_LIBRARY = "libc++";
				CLANG_ENABLE_MODULES = YES;
				CLANG_ENABLE_OBJC_ARC = YES;
				CLANG_ENABLE_OBJC_WEAK = YES;
				CLANG_WARN_BLOCK_CAPTURE_AUTORELEASING = YES;
				CLANG_WARN_BOOL_CONVERSION = YES;
				CLANG_WARN_COMMA = YES;
				CLANG_WARN_CONSTANT_CONVERSION = YES;
				CLANG_WARN_DEPRECATED_OBJC_IMPLEMENTATIONS = YES;
				CLANG_WARN_DIRECT_OBJC_ISA_USAGE = YES_ERROR;
				CLANG_WARN_DOCUMENTATION_COMMENTS = YES;
				CLANG_WARN_EMPTY_BODY = YES;
				CLANG_WARN_ENUM_CONVERSION = YES;
				CLANG_WARN_INFINITE_RECURSION = YES;
				CLANG_WARN_INT_CONVERSION = YES;
				CLANG_WARN_NON_LITERAL_NULL_CONVERSION = YES;
				CLANG_WARN_OBJC_IMPLICIT_RETAIN_SELF = YES;
				CLANG_WARN_OBJC_LITERAL_CONVERSION = YES;
				CLANG_WARN_OBJC_ROOT_CLASS = YES_ERROR;
				CLANG_WARN_QUOTED_INCLUDE_IN_FRAMEWORK_HEADER = YES;
				CLANG_WARN_RANGE_LOOP_ANALYSIS = YES;
				CLANG_WARN_STRICT_PROTOTYPES = YES;
				CLANG_WARN_SUSPICIOUS_MOVE = YES;
				CLANG_WARN_UNGUARDED_AVAILABILITY = YES_AGGRESSIVE;
				CLANG_WARN_UNREACHABLE_CODE = YES;
				CLANG_WARN__DUPLICATE_METHOD_MATCH = YES;
				COPY_PHASE_STRIP = NO;
				DEBUG_INFORMATION_FORMAT = "dwarf-with-dsym";
				ENABLE_NS_ASSERTIONS = NO;
				ENABLE_STRICT_OBJC_MSGSEND = YES;
				GCC_C_LANGUAGE_STANDARD = gnu11;
				GCC_NO_COMMON_BLOCKS = YES;
				GCC_WARN_64_TO_32_BIT_CONVERSION = YES;
				GCC_WARN_ABOUT_RETURN_TYPE = YES_ERROR;
				GCC_WARN_UNDECLARED_SELECTOR = YES;
				GCC_WARN_UNINITIALIZED_AUTOS = YES_AGGRESSIVE;
				GCC_WARN_UNUSED_FUNCTION = YES;
				GCC_WARN_UNUSED_VARIABLE = YES;
				IPHONEOS_DEPLOYMENT_TARGET = 15.0;
				MTL_ENABLE_DEBUG_INFO = NO;
				MTL_FAST_MATH = YES;
				PRODUCT_NAME = "$(TARGET_NAME)";
				SDKROOT = iphoneos;
				SWIFT_COMPILATION_MODE = wholemodule;
				SWIFT_OPTIMIZATION_LEVEL = "-O";
				SWIFT_VERSION = 5.0;
			};
			name = Release;
		};
		C8F38FA38DCCB894A6133CCE /* Debug */ = {
			isa = XCBuildConfiguration;
			buildSettings = {
				ASSETCATALOG_COMPILER_APPICON_NAME = AppIcon;
				CODE_SIGN_ENTITLEMENTS = HomeSIP/HomeSIP.entitlements;
				CODE_SIGN_IDENTITY = "iPhone Developer";
				CODE_SIGN_STYLE = Automatic;
				DEVELOPMENT_TEAM = WQZGRLXS8K;
				INFOPLIST_FILE = HomeSIP/Info.plist;
				IPHONEOS_DEPLOYMENT_TARGET = 15.0;
				LD_RUNPATH_SEARCH_PATHS = (
					"$(inherited)",
					"@executable_path/Frameworks",
				);
				PRODUCT_BUNDLE_IDENTIFIER = work.manuzzi.homesip;
				PRODUCT_NAME = HomeSIP;
				SDKROOT = iphoneos;
				SWIFT_VERSION = 5.0;
				TARGETED_DEVICE_FAMILY = 1;
			};
			name = Debug;
		};
		CF2746CEB067BD8951DA4EB1 /* Debug */ = {
			isa = XCBuildConfiguration;
			buildSettings = {
				ALWAYS_SEARCH_USER_PATHS = NO;
				CLANG_ANALYZER_NONNULL = YES;
				CLANG_ANALYZER_NUMBER_OBJECT_CONVERSION = YES_AGGRESSIVE;
				CLANG_CXX_LANGUAGE_STANDARD = "gnu++14";
				CLANG_CXX_LIBRARY = "libc++";
				CLANG_ENABLE_MODULES = YES;
				CLANG_ENABLE_OBJC_ARC = YES;
				CLANG_ENABLE_OBJC_WEAK = YES;
				CLANG_WARN_BLOCK_CAPTURE_AUTORELEASING = YES;
				CLANG_WARN_BOOL_CONVERSION = YES;
				CLANG_WARN_COMMA = YES;
				CLANG_WARN_CONSTANT_CONVERSION = YES;
				CLANG_WARN_DEPRECATED_OBJC_IMPLEMENTATIONS = YES;
				CLANG_WARN_DIRECT_OBJC_ISA_USAGE = YES_ERROR;
				CLANG_WARN_DOCUMENTATION_COMMENTS = YES;
				CLANG_WARN_EMPTY_BODY = YES;
				CLANG_WARN_ENUM_CONVERSION = YES;
				CLANG_WARN_INFINITE_RECURSION = YES;
				CLANG_WARN_INT_CONVERSION = YES;
				CLANG_WARN_NON_LITERAL_NULL_CONVERSION = YES;
				CLANG_WARN_OBJC_IMPLICIT_RETAIN_SELF = YES;
				CLANG_WARN_OBJC_LITERAL_CONVERSION = YES;
				CLANG_WARN_OBJC_ROOT_CLASS = YES_ERROR;
				CLANG_WARN_QUOTED_INCLUDE_IN_FRAMEWORK_HEADER = YES;
				CLANG_WARN_RANGE_LOOP_ANALYSIS = YES;
				CLANG_WARN_STRICT_PROTOTYPES = YES;
				CLANG_WARN_SUSPICIOUS_MOVE = YES;
				CLANG_WARN_UNGUARDED_AVAILABILITY = YES_AGGRESSIVE;
				CLANG_WARN_UNREACHABLE_CODE = YES;
				CLANG_WARN__DUPLICATE_METHOD_MATCH = YES;
				COPY_PHASE_STRIP = NO;
				DEBUG_INFORMATION_FORMAT = dwarf;
				ENABLE_STRICT_OBJC_MSGSEND = YES;
				ENABLE_TESTABILITY = YES;
				GCC_C_LANGUAGE_STANDARD = gnu11;
				GCC_DYNAMIC_NO_PIC = NO;
				GCC_NO_COMMON_BLOCKS = YES;
				GCC_OPTIMIZATION_LEVEL = 0;
				GCC_PREPROCESSOR_DEFINITIONS = (
					"$(inherited)",
					"DEBUG=1",
				);
				GCC_WARN_64_TO_32_BIT_CONVERSION = YES;
				GCC_WARN_ABOUT_RETURN_TYPE = YES_ERROR;
				GCC_WARN_UNDECLARED_SELECTOR = YES;
				GCC_WARN_UNINITIALIZED_AUTOS = YES_AGGRESSIVE;
				GCC_WARN_UNUSED_FUNCTION = YES;
				GCC_WARN_UNUSED_VARIABLE = YES;
				IPHONEOS_DEPLOYMENT_TARGET = 15.0;
				MTL_ENABLE_DEBUG_INFO = INCLUDE_SOURCE;
				MTL_FAST_MATH = YES;
				ONLY_ACTIVE_ARCH = YES;
				PRODUCT_NAME = "$(TARGET_NAME)";
				SDKROOT = iphoneos;
				SWIFT_ACTIVE_COMPILATION_CONDITIONS = DEBUG;
				SWIFT_OPTIMIZATION_LEVEL = "-Onone";
				SWIFT_VERSION = 5.0;
			};
			name = Debug;
		};
		F03CAB9CE2A1DFFE5A9AC3E6 /* Release */ = {
			isa = XCBuildConfiguration;
			buildSettings = {
				ASSETCATALOG_COMPILER_APPICON_NAME = AppIcon;
				CODE_SIGN_ENTITLEMENTS = HomeSIP/HomeSIP.entitlements;
				CODE_SIGN_IDENTITY = "iPhone Developer";
				CODE_SIGN_STYLE = Automatic;
				DEVELOPMENT_TEAM = WQZGRLXS8K;
				INFOPLIST_FILE = HomeSIP/Info.plist;
				IPHONEOS_DEPLOYMENT_TARGET = 15.0;
				LD_RUNPATH_SEARCH_PATHS = (
					"$(inherited)",
					"@executable_path/Frameworks",
				);
				PRODUCT_BUNDLE_IDENTIFIER = work.manuzzi.homesip;
				PRODUCT_NAME = HomeSIP;
				SDKROOT = iphoneos;
				SWIFT_VERSION = 5.0;
				TARGETED_DEVICE_FAMILY = 1;
			};
			name = Release;
		};
/* End XCBuildConfiguration section */

/* Begin XCConfigurationList section */
		3DCF8936E1518B3BAC0AAECA /* Build configuration list for PBXNativeTarget "HomeSIP" */ = {
			isa = XCConfigurationList;
			buildConfigurations = (
				C8F38FA38DCCB894A6133CCE /* Debug */,
				F03CAB9CE2A1DFFE5A9AC3E6 /* Release */,
			);
			defaultConfigurationIsVisible = 0;
			defaultConfigurationName = Debug;
		};
		4D00FAB48A3FDD97E43E1E5F /* Build configuration list for PBXNativeTarget "HomeSIPIntents" */ = {
			isa = XCConfigurationList;
			buildConfigurations = (
				871A7EB5453BA0444FF3D192 /* Debug */,
				2B828AFDA4CE07C234248F8A /* Release */,
			);
			defaultConfigurationIsVisible = 0;
			defaultConfigurationName = Debug;
		};
		E46F52C7904DA9C633B49C1C /* Build configuration list for PBXProject "HomeSIP" */ = {
			isa = XCConfigurationList;
			buildConfigurations = (
				CF2746CEB067BD8951DA4EB1 /* Debug */,
				9D7FAB8B76676B543A59753C /* Release */,
			);
			defaultConfigurationIsVisible = 0;
			defaultConfigurationName = Debug;
		};
/* End XCConfigurationList section */

/* Begin XCRemoteSwiftPackageReference section */
		3DA7C84737946EB2F4E1AB48 /* XCRemoteSwiftPackageReference "linphone-sdk-swift-ios" */ = {
			isa = XCRemoteSwiftPackageReference;
			repositoryURL = "https://github.com/BelledonneCommunications/linphone-sdk-swift-ios.git";
			requirement = {
				branch = stable;
				kind = branch;
			};
		};
/* End XCRemoteSwiftPackageReference section */

/* Begin XCSwiftPackageProductDependency section */
		5C03D9577D4BAB2D9E279B37 /* linphonesw */ = {
			isa = XCSwiftPackageProductDependency;
			package = 3DA7C84737946EB2F4E1AB48 /* XCRemoteSwiftPackageReference "linphone-sdk-swift-ios" */;
			productName = linphonesw;
		};
/* End XCSwiftPackageProductDependency section */
	};
	rootObject = 6E90F7E5F19DD776F4BA1B36 /* Project object */;
}
